
Microsoft Visual Studio Solution File, Format Version 12.00
# Visual Studio Version 16
VisualStudioVersion = 16.0.30002.166
MinimumVisualStudioVersion = 10.0.40219.1
Project("{FAE04EC0-301F-11D3-BF4B-00C04F79EFBC}") = "PilatesWebsite", "PilatesWebsite\PilatesWebsite.csproj", "{F1E3EE0F-24A0-4C4A-991B-D783CDD097BF}"
EndProject
Global
	GlobalSection(SolutionConfigurationPlatforms) = preSolution
		Debug|Any CPU = Debug|Any CPU
		Release|Any CPU = Release|Any CPU
	EndGlobalSection
	GlobalSection(ProjectConfigurationPlatforms) = postSolution
		{F1E3EE0F-24A0-4C4A-991B-D783CDD097BF}.Debug|Any CPU.ActiveCfg = Debug|Any CPU
		{F1E3EE0F-24A0-4C4A-991B-D783CDD097BF}.Debug|Any CPU.Build.0 = Debug|Any CPU
		{F1E3EE0F-24A0-4C4A-991B-D783CDD097BF}.Release|Any CPU.ActiveCfg = Release|Any CPU
		{F1E3EE0F-24A0-4C4A-991B-D783CDD097BF}.Release|Any CPU.Build.0 = Release|Any CPU
	EndGlobalSection
	GlobalSection(SolutionProperties) = preSolution
		HideSolutionNode = FALSE
	EndGlobalSection
	GlobalSection(ExtensibilityGlobals) = postSolution
		SolutionGuid = {3916922B-2943-4475-A1BF-9F57B076BBFF}
	EndGlobalSection
EndGlobal
